
Microsoft Visual Studio Solution File, Format Version 12.00
# Visual Studio 2013
VisualStudioVersion = 12.0.31101.0
MinimumVisualStudioVersion = 10.0.40219.1
Project("{2150E333-8FDC-42A3-9474-1A3956D46DE8}") = "1 - UI", "1 - UI", "{2C2A2832-B7C2-4FE9-968E-199746B586BB}"
EndProject
Project("{2150E333-8FDC-42A3-9474-1A3956D46DE8}") = "2 - API", "2 - API", "{E54B25C2-E2E6-41CC-BE77-E2E74AD47ECF}"
EndProject
Project("{2150E333-8FDC-42A3-9474-1A3956D46DE8}") = "3 - Application", "3 - Application", "{4EC9552B-140D-4E3D-84C0-DA2A2ADDFF4C}"
EndProject
Project("{2150E333-8FDC-42A3-9474-1A3956D46DE8}") = "4 - Domain", "4 - Domain", "{E7630F9D-018C-4017-9FE2-A622CA122616}"
EndProject
Project("{2150E333-8FDC-42A3-9474-1A3956D46DE8}") = "5 - Infra", "5 - Infra", "{A4CBA546-E34B-4044-80D4-7FCDA47B7A9E}"
EndProject
Project("{FAE04EC0-301F-11D3-BF4B-00C04F79EFBC}") = "Domain", "Domain\Domain.csproj", "{30192007-50BD-4809-95D1-0527B0EC91E4}"
EndProject
Project("{FAE04EC0-301F-11D3-BF4B-00C04F79EFBC}") = "Domain.Tests", "Domain.Tests\Domain.Tests.csproj", "{C3557169-3DA3-4A47-8EF1-204BADD45010}"
EndProject
Project("{2150E333-8FDC-42A3-9474-1A3956D46DE8}") = "5.1 Data", "5.1 Data", "{03A9C10F-33CF-4109-8FC8-0C987FDFE52D}"
EndProject
Project("{2150E333-8FDC-42A3-9474-1A3956D46DE8}") = "5.2 CrossCutting", "5.2 CrossCutting", "{F504F128-296E-4797-B200-9F338957AB01}"
EndProject
Project("{2150E333-8FDC-42A3-9474-1A3956D46DE8}") = ".nuget", ".nuget", "{6FE60FAD-74BC-4BD7-B9DB-9A93D75C57BF}"
	ProjectSection(SolutionItems) = preProject
		.nuget\NuGet.Config = .nuget\NuGet.Config
		.nuget\NuGet.exe = .nuget\NuGet.exe
		.nuget\NuGet.targets = .nuget\NuGet.targets
	EndProjectSection
EndProject
Project("{FAE04EC0-301F-11D3-BF4B-00C04F79EFBC}") = "Data", "Data\Data.csproj", "{55C921A9-112B-4196-AEA5-B356C4070A76}"
EndProject
Project("{FAE04EC0-301F-11D3-BF4B-00C04F79EFBC}") = "Application", "Application\Application.csproj", "{E2DD851F-47C2-4C89-A646-AF6FE48824D7}"
EndProject
Project("{FAE04EC0-301F-11D3-BF4B-00C04F79EFBC}") = "CrossCutting.Resources", "CrossCutting.Resources\CrossCutting.Resources.csproj", "{39BBDA0E-ED88-4FD4-8378-101C8023E66F}"
EndProject
Project("{FAE04EC0-301F-11D3-BF4B-00C04F79EFBC}") = "CrossCutting.Ioc", "CrossCutting.Ioc\CrossCutting.Ioc.csproj", "{0BA39C92-9A7C-4565-B9B4-BA3379311C55}"
EndProject
Global
	GlobalSection(SolutionConfigurationPlatforms) = preSolution
		Debug|Any CPU = Debug|Any CPU
		Release|Any CPU = Release|Any CPU
	EndGlobalSection
	GlobalSection(ProjectConfigurationPlatforms) = postSolution
		{30192007-50BD-4809-95D1-0527B0EC91E4}.Debug|Any CPU.ActiveCfg = Debug|Any CPU
		{30192007-50BD-4809-95D1-0527B0EC91E4}.Debug|Any CPU.Build.0 = Debug|Any CPU
		{30192007-50BD-4809-95D1-0527B0EC91E4}.Release|Any CPU.ActiveCfg = Release|Any CPU
		{30192007-50BD-4809-95D1-0527B0EC91E4}.Release|Any CPU.Build.0 = Release|Any CPU
		{C3557169-3DA3-4A47-8EF1-204BADD45010}.Debug|Any CPU.ActiveCfg = Debug|Any CPU
		{C3557169-3DA3-4A47-8EF1-204BADD45010}.Debug|Any CPU.Build.0 = Debug|Any CPU
		{C3557169-3DA3-4A47-8EF1-204BADD45010}.Release|Any CPU.ActiveCfg = Release|Any CPU
		{C3557169-3DA3-4A47-8EF1-204BADD45010}.Release|Any CPU.Build.0 = Release|Any CPU
		{55C921A9-112B-4196-AEA5-B356C4070A76}.Debug|Any CPU.ActiveCfg = Debug|Any CPU
		{55C921A9-112B-4196-AEA5-B356C4070A76}.Debug|Any CPU.Build.0 = Debug|Any CPU
		{55C921A9-112B-4196-AEA5-B356C4070A76}.Release|Any CPU.ActiveCfg = Release|Any CPU
		{55C921A9-112B-4196-AEA5-B356C4070A76}.Release|Any CPU.Build.0 = Release|Any CPU
		{E2DD851F-47C2-4C89-A646-AF6FE48824D7}.Debug|Any CPU.ActiveCfg = Debug|Any CPU
		{E2DD851F-47C2-4C89-A646-AF6FE48824D7}.Debug|Any CPU.Build.0 = Debug|Any CPU
		{E2DD851F-47C2-4C89-A646-AF6FE48824D7}.Release|Any CPU.ActiveCfg = Release|Any CPU
		{E2DD851F-47C2-4C89-A646-AF6FE48824D7}.Release|Any CPU.Build.0 = Release|Any CPU
		{39BBDA0E-ED88-4FD4-8378-101C8023E66F}.Debug|Any CPU.ActiveCfg = Debug|Any CPU
		{39BBDA0E-ED88-4FD4-8378-101C8023E66F}.Debug|Any CPU.Build.0 = Debug|Any CPU
		{39BBDA0E-ED88-4FD4-8378-101C8023E66F}.Release|Any CPU.ActiveCfg = Release|Any CPU
		{39BBDA0E-ED88-4FD4-8378-101C8023E66F}.Release|Any CPU.Build.0 = Release|Any CPU
		{0BA39C92-9A7C-4565-B9B4-BA3379311C55}.Debug|Any CPU.ActiveCfg = Debug|Any CPU
		{0BA39C92-9A7C-4565-B9B4-BA3379311C55}.Debug|Any CPU.Build.0 = Debug|Any CPU
		{0BA39C92-9A7C-4565-B9B4-BA3379311C55}.Release|Any CPU.ActiveCfg = Release|Any CPU
		{0BA39C92-9A7C-4565-B9B4-BA3379311C55}.Release|Any CPU.Build.0 = Release|Any CPU
	EndGlobalSection
	GlobalSection(SolutionProperties) = preSolution
		HideSolutionNode = FALSE
	EndGlobalSection
	GlobalSection(NestedProjects) = preSolution
		{30192007-50BD-4809-95D1-0527B0EC91E4} = {E7630F9D-018C-4017-9FE2-A622CA122616}
		{C3557169-3DA3-4A47-8EF1-204BADD45010} = {E7630F9D-018C-4017-9FE2-A622CA122616}
		{03A9C10F-33CF-4109-8FC8-0C987FDFE52D} = {A4CBA546-E34B-4044-80D4-7FCDA47B7A9E}
		{F504F128-296E-4797-B200-9F338957AB01} = {A4CBA546-E34B-4044-80D4-7FCDA47B7A9E}
		{55C921A9-112B-4196-AEA5-B356C4070A76} = {03A9C10F-33CF-4109-8FC8-0C987FDFE52D}
		{E2DD851F-47C2-4C89-A646-AF6FE48824D7} = {4EC9552B-140D-4E3D-84C0-DA2A2ADDFF4C}
		{39BBDA0E-ED88-4FD4-8378-101C8023E66F} = {F504F128-296E-4797-B200-9F338957AB01}
		{0BA39C92-9A7C-4565-B9B4-BA3379311C55} = {F504F128-296E-4797-B200-9F338957AB01}
	EndGlobalSection
EndGlobal
